
Microsoft Visual Studio Solution File, Format Version 12.00
# Visual Studio Version 17
VisualStudioVersion = 17.6.33712.159
MinimumVisualStudioVersion = 10.0.40219.1
Project("{FAE04EC0-301F-11D3-BF4B-00C04F79EFBC}") = "InmobiliariaV2", "InmobiliariaV2\InmobiliariaV2.csproj", "{C0653511-0588-4AEB-B136-89A9832B0C7E}"
EndProject
Global
	GlobalSection(SolutionConfigurationPlatforms) = preSolution
		Debug|Any CPU = Debug|Any CPU
		Release|Any CPU = Release|Any CPU
	EndGlobalSection
	GlobalSection(ProjectConfigurationPlatforms) = postSolution
		{C0653511-0588-4AEB-B136-89A9832B0C7E}.Debug|Any CPU.ActiveCfg = Debug|Any CPU
		{C0653511-0588-4AEB-B136-89A9832B0C7E}.Debug|Any CPU.Build.0 = Debug|Any CPU
		{C0653511-0588-4AEB-B136-89A9832B0C7E}.Release|Any CPU.ActiveCfg = Release|Any CPU
		{C0653511-0588-4AEB-B136-89A9832B0C7E}.Release|Any CPU.Build.0 = Release|Any CPU
	EndGlobalSection
	GlobalSection(SolutionProperties) = preSolution
		HideSolutionNode = FALSE
	EndGlobalSection
	GlobalSection(ExtensibilityGlobals) = postSolution
		SolutionGuid = {F10C505E-4C69-4EA1-8566-050F909641C7}
	EndGlobalSection
EndGlobal
